
Microsoft Visual Studio Solution File, Format Version 12.00
# Visual Studio Version 17
VisualStudioVersion = 17.1.32421.90
MinimumVisualStudioVersion = 10.0.40219.1
Project("{FAE04EC0-301F-11D3-BF4B-00C04F79EFBC}") = "InternalSystem.UserManagement.API", "InternalSystem.UserManagement.API\InternalSystem.UserManagement.API.csproj", "{AE6A21B4-F1C9-44FE-9C0B-CF0F827CAFEE}"
EndProject
Project("{FAE04EC0-301F-11D3-BF4B-00C04F79EFBC}") = "InternalSystem.UserManagement.Database", "InternalSystem.UserManagement.Database\InternalSystem.UserManagement.Database.csproj", "{D2BD75B2-9F71-4447-9A6F-BC0A8DB31841}"
EndProject
Project("{FAE04EC0-301F-11D3-BF4B-00C04F79EFBC}") = "InternalSystem.UserManagement.Service", "InternalSystem.UserManagement.Service\InternalSystem.UserManagement.Service.csproj", "{9E5CC495-7061-4F80-9C22-1E9B8DC9F9C3}"
EndProject
Project("{FAE04EC0-301F-11D3-BF4B-00C04F79EFBC}") = "InternalSystem.UserManagement.Repository", "InternalSystem.UserManagement.Repository\InternalSystem.UserManagement.Repository.csproj", "{B068E509-9D22-484B-ACC9-22603E75CD77}"
EndProject
Project("{FAE04EC0-301F-11D3-BF4B-00C04F79EFBC}") = "IntrenalSystem.UserManagement.Model", "IntrenalSystem.UserManagement.Model\IntrenalSystem.UserManagement.Model.csproj", "{8F3F2B34-2CE0-4D88-8430-A68E8F448EB5}"
EndProject
Global
	GlobalSection(SolutionConfigurationPlatforms) = preSolution
		Debug|Any CPU = Debug|Any CPU
		Release|Any CPU = Release|Any CPU
	EndGlobalSection
	GlobalSection(ProjectConfigurationPlatforms) = postSolution
		{AE6A21B4-F1C9-44FE-9C0B-CF0F827CAFEE}.Debug|Any CPU.ActiveCfg = Debug|Any CPU
		{AE6A21B4-F1C9-44FE-9C0B-CF0F827CAFEE}.Debug|Any CPU.Build.0 = Debug|Any CPU
		{AE6A21B4-F1C9-44FE-9C0B-CF0F827CAFEE}.Release|Any CPU.ActiveCfg = Release|Any CPU
		{AE6A21B4-F1C9-44FE-9C0B-CF0F827CAFEE}.Release|Any CPU.Build.0 = Release|Any CPU
		{D2BD75B2-9F71-4447-9A6F-BC0A8DB31841}.Debug|Any CPU.ActiveCfg = Debug|Any CPU
		{D2BD75B2-9F71-4447-9A6F-BC0A8DB31841}.Debug|Any CPU.Build.0 = Debug|Any CPU
		{D2BD75B2-9F71-4447-9A6F-BC0A8DB31841}.Release|Any CPU.ActiveCfg = Release|Any CPU
		{D2BD75B2-9F71-4447-9A6F-BC0A8DB31841}.Release|Any CPU.Build.0 = Release|Any CPU
		{9E5CC495-7061-4F80-9C22-1E9B8DC9F9C3}.Debug|Any CPU.ActiveCfg = Debug|Any CPU
		{9E5CC495-7061-4F80-9C22-1E9B8DC9F9C3}.Debug|Any CPU.Build.0 = Debug|Any CPU
		{9E5CC495-7061-4F80-9C22-1E9B8DC9F9C3}.Release|Any CPU.ActiveCfg = Release|Any CPU
		{9E5CC495-7061-4F80-9C22-1E9B8DC9F9C3}.Release|Any CPU.Build.0 = Release|Any CPU
		{B068E509-9D22-484B-ACC9-22603E75CD77}.Debug|Any CPU.ActiveCfg = Debug|Any CPU
		{B068E509-9D22-484B-ACC9-22603E75CD77}.Debug|Any CPU.Build.0 = Debug|Any CPU
		{B068E509-9D22-484B-ACC9-22603E75CD77}.Release|Any CPU.ActiveCfg = Release|Any CPU
		{B068E509-9D22-484B-ACC9-22603E75CD77}.Release|Any CPU.Build.0 = Release|Any CPU
		{8F3F2B34-2CE0-4D88-8430-A68E8F448EB5}.Debug|Any CPU.ActiveCfg = Debug|Any CPU
		{8F3F2B34-2CE0-4D88-8430-A68E8F448EB5}.Debug|Any CPU.Build.0 = Debug|Any CPU
		{8F3F2B34-2CE0-4D88-8430-A68E8F448EB5}.Release|Any CPU.ActiveCfg = Release|Any CPU
		{8F3F2B34-2CE0-4D88-8430-A68E8F448EB5}.Release|Any CPU.Build.0 = Release|Any CPU
	EndGlobalSection
	GlobalSection(SolutionProperties) = preSolution
		HideSolutionNode = FALSE
	EndGlobalSection
	GlobalSection(ExtensibilityGlobals) = postSolution
		SolutionGuid = {B1EC2F8C-0221-4E41-BD10-C12738F7FFAE}
	EndGlobalSection
EndGlobal
